
Microsoft Visual Studio Solution File, Format Version 12.00
# Visual Studio Version 17
VisualStudioVersion = 17.14.36212.18 d17.14
MinimumVisualStudioVersion = 10.0.40219.1
Project("{FAE04EC0-301F-11D3-BF4B-00C04F79EFBC}") = "ModbusProject", "ModbusProject\ModbusProject.csproj", "{0F8F397A-1870-4E11-8483-94274380C4FE}"
EndProject
Project("{FAE04EC0-301F-11D3-BF4B-00C04F79EFBC}") = "ModbusRTULib", "ModbusRTULib\ModbusRTULib.csproj", "{B738D190-F48A-4210-A8CA-9B04CB552B60}"
EndProject
Global
	GlobalSection(SolutionConfigurationPlatforms) = preSolution
		Debug|Any CPU = Debug|Any CPU
		Release|Any CPU = Release|Any CPU
	EndGlobalSection
	GlobalSection(ProjectConfigurationPlatforms) = postSolution
		{0F8F397A-1870-4E11-8483-94274380C4FE}.Debug|Any CPU.ActiveCfg = Debug|Any CPU
		{0F8F397A-1870-4E11-8483-94274380C4FE}.Debug|Any CPU.Build.0 = Debug|Any CPU
		{0F8F397A-1870-4E11-8483-94274380C4FE}.Release|Any CPU.ActiveCfg = Release|Any CPU
		{0F8F397A-1870-4E11-8483-94274380C4FE}.Release|Any CPU.Build.0 = Release|Any CPU
		{B738D190-F48A-4210-A8CA-9B04CB552B60}.Debug|Any CPU.ActiveCfg = Debug|Any CPU
		{B738D190-F48A-4210-A8CA-9B04CB552B60}.Debug|Any CPU.Build.0 = Debug|Any CPU
		{B738D190-F48A-4210-A8CA-9B04CB552B60}.Release|Any CPU.ActiveCfg = Release|Any CPU
		{B738D190-F48A-4210-A8CA-9B04CB552B60}.Release|Any CPU.Build.0 = Release|Any CPU
	EndGlobalSection
	GlobalSection(SolutionProperties) = preSolution
		HideSolutionNode = FALSE
	EndGlobalSection
	GlobalSection(ExtensibilityGlobals) = postSolution
		SolutionGuid = {C016817C-EBBE-4857-A1F6-7C1684E6AA37}
	EndGlobalSection
EndGlobal
